// !$*UTF8*$!
{
	archiveVersion = 1;
	classes = {
	};
	objectVersion = 48;
	objects = {

/* Begin PBXBuildFile section */
		6338177E204674F5001C24DC /* AppDelegate.swift in Sources */ = {isa = PBXBuildFile; fileRef = 6338177D204674F5001C24DC /* AppDelegate.swift */; };
		63381780204674F5001C24DC /* ViewController.swift in Sources */ = {isa = PBXBuildFile; fileRef = 6338177F204674F5001C24DC /* ViewController.swift */; };
		63381783204674F5001C24DC /* Main.storyboard in Resources */ = {isa = PBXBuildFile; fileRef = 63381781204674F5001C24DC /* Main.storyboard */; };
		63381785204674F5001C24DC /* Assets.xcassets in Resources */ = {isa = PBXBuildFile; fileRef = 63381784204674F5001C24DC /* Assets.xcassets */; };
		63381788204674F5001C24DC /* LaunchScreen.storyboard in Resources */ = {isa = PBXBuildFile; fileRef = 63381786204674F5001C24DC /* LaunchScreen.storyboard */; };
		63381793204674F5001C24DC /* WeatherMapTests.swift in Sources */ = {isa = PBXBuildFile; fileRef = 63381792204674F5001C24DC /* WeatherMapTests.swift */; };
		6338179E204674F6001C24DC /* WeatherMapUITests.swift in Sources */ = {isa = PBXBuildFile; fileRef = 6338179D204674F6001C24DC /* WeatherMapUITests.swift */; };
		633817AD2046B031001C24DC /* MapKit.framework in Frameworks */ = {isa = PBXBuildFile; fileRef = 633817AC2046B031001C24DC /* MapKit.framework */; };
		63BE040A2047C2AC0003A936 /* CityTemp.swift in Sources */ = {isa = PBXBuildFile; fileRef = 63BE04092047C2AC0003A936 /* CityTemp.swift */; };
/* End PBXBuildFile section */

/* Begin PBXContainerItemProxy section */
		6338178F204674F5001C24DC /* PBXContainerItemProxy */ = {
			isa = PBXContainerItemProxy;
			containerPortal = 63381772204674F5001C24DC /* Project object */;
			proxyType = 1;
			remoteGlobalIDString = 63381779204674F5001C24DC;
			remoteInfo = WeatherMap;
		};
		6338179A204674F6001C24DC /* PBXContainerItemProxy */ = {
			isa = PBXContainerItemProxy;
			containerPortal = 63381772204674F5001C24DC /* Project object */;
			proxyType = 1;
			remoteGlobalIDString = 63381779204674F5001C24DC;
			remoteInfo = WeatherMap;
		};
/* End PBXContainerItemProxy section */

/* Begin PBXFileReference section */
		6338177A204674F5001C24DC /* WeatherMap.app */ = {isa = PBXFileReference; explicitFileType = wrapper.application; includeInIndex = 0; path = WeatherMap.app; sourceTree = BUILT_PRODUCTS_DIR; };
		6338177D204674F5001C24DC /* AppDelegate.swift */ = {isa = PBXFileReference; lastKnownFileType = sourcecode.swift; path = AppDelegate.swift; sourceTree = "<group>"; };
		6338177F204674F5001C24DC /* ViewController.swift */ = {isa = PBXFileReference; lastKnownFileType = sourcecode.swift; path = ViewController.swift; sourceTree = "<group>"; };
		63381782204674F5001C24DC /* Base */ = {isa = PBXFileReference; lastKnownFileType = file.storyboard; name = Base; path = Base.lproj/Main.storyboard; sourceTree = "<group>"; };
		63381784204674F5001C24DC /* Assets.xcassets */ = {isa = PBXFileReference; lastKnownFileType = folder.assetcatalog; path = Assets.xcassets; sourceTree = "<group>"; };
		63381787204674F5001C24DC /* Base */ = {isa = PBXFileReference; lastKnownFileType = file.storyboard; name = Base; path = Base.lproj/LaunchScreen.storyboard; sourceTree = "<group>"; };
		63381789204674F5001C24DC /* Info.plist */ = {isa = PBXFileReference; lastKnownFileType = text.plist.xml; path = Info.plist; sourceTree = "<group>"; };
		6338178E204674F5001C24DC /* WeatherMapTests.xctest */ = {isa = PBXFileReference; explicitFileType = wrapper.cfbundle; includeInIndex = 0; path = WeatherMapTests.xctest; sourceTree = BUILT_PRODUCTS_DIR; };
		63381792204674F5001C24DC /* WeatherMapTests.swift */ = {isa = PBXFileReference; lastKnownFileType = sourcecode.swift; path = WeatherMapTests.swift; sourceTree = "<group>"; };
		63381794204674F5001C24DC /* Info.plist */ = {isa = PBXFileReference; lastKnownFileType = text.plist.xml; path = Info.plist; sourceTree = "<group>"; };
		63381799204674F6001C24DC /* WeatherMapUITests.xctest */ = {isa = PBXFileReference; explicitFileType = wrapper.cfbundle; includeInIndex = 0; path = WeatherMapUITests.xctest; sourceTree = BUILT_PRODUCTS_DIR; };
		6338179D204674F6001C24DC /* WeatherMapUITests.swift */ = {isa = PBXFileReference; lastKnownFileType = sourcecode.swift; path = WeatherMapUITests.swift; sourceTree = "<group>"; };
		6338179F204674F6001C24DC /* Info.plist */ = {isa = PBXFileReference; lastKnownFileType = text.plist.xml; path = Info.plist; sourceTree = "<group>"; };
		633817AC2046B031001C24DC /* MapKit.framework */ = {isa = PBXFileReference; lastKnownFileType = wrapper.framework; name = MapKit.framework; path = System/Library/Frameworks/MapKit.framework; sourceTree = SDKROOT; };
		63BE04092047C2AC0003A936 /* CityTemp.swift */ = {isa = PBXFileReference; lastKnownFileType = sourcecode.swift; path = CityTemp.swift; sourceTree = "<group>"; };
/* End PBXFileReference section */

/* Begin PBXFrameworksBuildPhase section */
		63381777204674F5001C24DC /* Frameworks */ = {
			isa = PBXFrameworksBuildPhase;
			buildActionMask = 2147483647;
			files = (
				633817AD2046B031001C24DC /* MapKit.framework in Frameworks */,
			);
			runOnlyForDeploymentPostprocessing = 0;
		};
		6338178B204674F5001C24DC /* Frameworks */ = {
			isa = PBXFrameworksBuildPhase;
			buildActionMask = 2147483647;
			files = (
			);
			runOnlyForDeploymentPostprocessing = 0;
		};
		63381796204674F6001C24DC /* Frameworks */ = {
			isa = PBXFrameworksBuildPhase;
			buildActionMask = 2147483647;
			files = (
			);
			runOnlyForDeploymentPostprocessing = 0;
		};
/* End PBXFrameworksBuildPhase section */

/* Begin PBXGroup section */
		63381771204674F5001C24DC = {
			isa = PBXGroup;
			children = (
				6338177C204674F5001C24DC /* WeatherMap */,
				63381791204674F5001C24DC /* WeatherMapTests */,
				6338179C204674F6001C24DC /* WeatherMapUITests */,
				6338177B204674F5001C24DC /* Products */,
				633817AB2046B031001C24DC /* Frameworks */,
			);
			sourceTree = "<group>";
		};
		6338177B204674F5001C24DC /* Products */ = {
			isa = PBXGroup;
			children = (
				6338177A204674F5001C24DC /* WeatherMap.app */,
				6338178E204674F5001C24DC /* WeatherMapTests.xctest */,
				63381799204674F6001C24DC /* WeatherMapUITests.xctest */,
			);
			name = Products;
			sourceTree = "<group>";
		};
		6338177C204674F5001C24DC /* WeatherMap */ = {
			isa = PBXGroup;
			children = (
				6338177D204674F5001C24DC /* AppDelegate.swift */,
				6338177F204674F5001C24DC /* ViewController.swift */,
				63BE04092047C2AC0003A936 /* CityTemp.swift */,
				63381781204674F5001C24DC /* Main.storyboard */,
				63381784204674F5001C24DC /* Assets.xcassets */,
				63381786204674F5001C24DC /* LaunchScreen.storyboard */,
				63381789204674F5001C24DC /* Info.plist */,
			);
			path = WeatherMap;
			sourceTree = "<group>";
		};
		63381791204674F5001C24DC /* WeatherMapTests */ = {
			isa = PBXGroup;
			children = (
				63381792204674F5001C24DC /* WeatherMapTests.swift */,
				63381794204674F5001C24DC /* Info.plist */,
			);
			path = WeatherMapTests;
			sourceTree = "<group>";
		};
		6338179C204674F6001C24DC /* WeatherMapUITests */ = {
			isa = PBXGroup;
			children = (
				6338179D204674F6001C24DC /* WeatherMapUITests.swift */,
				6338179F204674F6001C24DC /* Info.plist */,
			);
			path = WeatherMapUITests;
			sourceTree = "<group>";
		};
		633817AB2046B031001C24DC /* Frameworks */ = {
			isa = PBXGroup;
			children = (
				633817AC2046B031001C24DC /* MapKit.framework */,
			);
			name = Frameworks;
			sourceTree = "<group>";
		};
/* End PBXGroup section */

/* Begin PBXNativeTarget section */
		63381779204674F5001C24DC /* WeatherMap */ = {
			isa = PBXNativeTarget;
			buildConfigurationList = 633817A2204674F6001C24DC /* Build configuration list for PBXNativeTarget "WeatherMap" */;
			buildPhases = (
				63381776204674F5001C24DC /* Sources */,
				63381777204674F5001C24DC /* Frameworks */,
				63381778204674F5001C24DC /* Resources */,
			);
			buildRules = (
			);
			dependencies = (
			);
			name = WeatherMap;
			productName = WeatherMap;
			productReference = 6338177A204674F5001C24DC /* WeatherMap.app */;
			productType = "com.apple.product-type.application";
		};
		6338178D204674F5001C24DC /* WeatherMapTests */ = {
			isa = PBXNativeTarget;
			buildConfigurationList = 633817A5204674F6001C24DC /* Build configuration list for PBXNativeTarget "WeatherMapTests" */;
			buildPhases = (
				6338178A204674F5001C24DC /* Sources */,
				6338178B204674F5001C24DC /* Frameworks */,
				6338178C204674F5001C24DC /* Resources */,
			);
			buildRules = (
			);
			dependencies = (
				63381790204674F5001C24DC /* PBXTargetDependency */,
			);
			name = WeatherMapTests;
			productName = WeatherMapTests;
			productReference = 6338178E204674F5001C24DC /* WeatherMapTests.xctest */;
			productType = "com.apple.product-type.bundle.unit-test";
		};
		63381798204674F6001C24DC /* WeatherMapUITests */ = {
			isa = PBXNativeTarget;
			buildConfigurationList = 633817A8204674F6001C24DC /* Build configuration list for PBXNativeTarget "WeatherMapUITests" */;
			buildPhases = (
				63381795204674F6001C24DC /* Sources */,
				63381796204674F6001C24DC /* Frameworks */,
				63381797204674F6001C24DC /* Resources */,
			);
			buildRules = (
			);
			dependencies = (
				6338179B204674F6001C24DC /* PBXTargetDependency */,
			);
			name = WeatherMapUITests;
			productName = WeatherMapUITests;
			productReference = 63381799204674F6001C24DC /* WeatherMapUITests.xctest */;
			productType = "com.apple.product-type.bundle.ui-testing";
		};
/* End PBXNativeTarget section */

/* Begin PBXProject section */
		63381772204674F5001C24DC /* Project object */ = {
			isa = PBXProject;
			attributes = {
				LastSwiftUpdateCheck = 0920;
				LastUpgradeCheck = 0920;
				ORGANIZATIONNAME = ncarmine;
				TargetAttributes = {
					63381779204674F5001C24DC = {
						CreatedOnToolsVersion = 9.2;
						ProvisioningStyle = Automatic;
						SystemCapabilities = {
							com.apple.Maps.iOS = {
								enabled = 1;
							};
						};
					};
					6338178D204674F5001C24DC = {
						CreatedOnToolsVersion = 9.2;
						ProvisioningStyle = Automatic;
						TestTargetID = 63381779204674F5001C24DC;
					};
					63381798204674F6001C24DC = {
						CreatedOnToolsVersion = 9.2;
						ProvisioningStyle = Automatic;
						TestTargetID = 63381779204674F5001C24DC;
					};
				};
			};
			buildConfigurationList = 63381775204674F5001C24DC /* Build configuration list for PBXProject "WeatherMap" */;
			compatibilityVersion = "Xcode 8.0";
			developmentRegion = en;
			hasScannedForEncodings = 0;
			knownRegions = (
				en,
				Base,
			);
			mainGroup = 63381771204674F5001C24DC;
			productRefGroup = 6338177B204674F5001C24DC /* Products */;
			projectDirPath = "";
			projectRoot = "";
			targets = (
				63381779204674F5001C24DC /* WeatherMap */,
				6338178D204674F5001C24DC /* WeatherMapTests */,
				63381798204674F6001C24DC /* WeatherMapUITests */,
			);
		};
/* End PBXProject section */

/* Begin PBXResourcesBuildPhase section */
		63381778204674F5001C24DC /* Resources */ = {
			isa = PBXResourcesBuildPhase;
			buildActionMask = 2147483647;
			files = (
				63381788204674F5001C24DC /* LaunchScreen.storyboard in Resources */,
				63381785204674F5001C24DC /* Assets.xcassets in Resources */,
				63381783204674F5001C24DC /* Main.storyboard in Resources */,
			);
			runOnlyForDeploymentPostprocessing = 0;
		};
		6338178C204674F5001C24DC /* Resources */ = {
			isa = PBXResourcesBuildPhase;
			buildActionMask = 2147483647;
			files = (
			);
			runOnlyForDeploymentPostprocessing = 0;
		};
		63381797204674F6001C24DC /* Resources */ = {
			isa = PBXResourcesBuildPhase;
			buildActionMask = 2147483647;
			files = (
			);
			runOnlyForDeploymentPostprocessing = 0;
		};
/* End PBXResourcesBuildPhase section */

/* Begin PBXSourcesBuildPhase section */
		63381776204674F5001C24DC /* Sources */ = {
			isa = PBXSourcesBuildPhase;
			buildActionMask = 2147483647;
			files = (
				63381780204674F5001C24DC /* ViewController.swift in Sources */,
				63BE040A2047C2AC0003A936 /* CityTemp.swift in Sources */,
				6338177E204674F5001C24DC /* AppDelegate.swift in Sources */,
			);
			runOnlyForDeploymentPostprocessing = 0;
		};
		6338178A204674F5001C24DC /* Sources */ = {
			isa = PBXSourcesBuildPhase;
			buildActionMask = 2147483647;
			files = (
				63381793204674F5001C24DC /* WeatherMapTests.swift in Sources */,
			);
			runOnlyForDeploymentPostprocessing = 0;
		};
		63381795204674F6001C24DC /* Sources */ = {
			isa = PBXSourcesBuildPhase;
			buildActionMask = 2147483647;
			files = (
				6338179E204674F6001C24DC /* WeatherMapUITests.swift in Sources */,
			);
			runOnlyForDeploymentPostprocessing = 0;
		};
/* End PBXSourcesBuildPhase section */

/* Begin PBXTargetDependency section */
		63381790204674F5001C24DC /* PBXTargetDependency */ = {
			isa = PBXTargetDependency;
			target = 63381779204674F5001C24DC /* WeatherMap */;
			targetProxy = 6338178F204674F5001C24DC /* PBXContainerItemProxy */;
		};
		6338179B204674F6001C24DC /* PBXTargetDependency */ = {
			isa = PBXTargetDependency;
			target = 63381779204674F5001C24DC /* WeatherMap */;
			targetProxy = 6338179A204674F6001C24DC /* PBXContainerItemProxy */;
		};
/* End PBXTargetDependency section */

/* Begin PBXVariantGroup section */
		63381781204674F5001C24DC /* Main.storyboard */ = {
			isa = PBXVariantGroup;
			children = (
				63381782204674F5001C24DC /* Base */,
			);
			name = Main.storyboard;
			sourceTree = "<group>";
		};
		63381786204674F5001C24DC /* LaunchScreen.storyboard */ = {
			isa = PBXVariantGroup;
			children = (
				63381787204674F5001C24DC /* Base */,
			);
			name = LaunchScreen.storyboard;
			sourceTree = "<group>";
		};
/* End PBXVariantGroup section */

/* Begin XCBuildConfiguration section */
		633817A0204674F6001C24DC /* Debug */ = {
			isa = XCBuildConfiguration;
			buildSettings = {
				ALWAYS_SEARCH_USER_PATHS = NO;
				CLANG_ANALYZER_NONNULL = YES;
				CLANG_ANALYZER_NUMBER_OBJECT_CONVERSION = YES_AGGRESSIVE;
				CLANG_CXX_LANGUAGE_STANDARD = "gnu++14";
				CLANG_CXX_LIBRARY = "libc++";
				CLANG_ENABLE_MODULES = YES;
				CLANG_ENABLE_OBJC_ARC = YES;
				CLANG_WARN_BLOCK_CAPTURE_AUTORELEASING = YES;
				CLANG_WARN_BOOL_CONVERSION = YES;
				CLANG_WARN_COMMA = YES;
				CLANG_WARN_CONSTANT_CONVERSION = YES;
				CLANG_WARN_DIRECT_OBJC_ISA_USAGE = YES_ERROR;
				CLANG_WARN_DOCUMENTATION_COMMENTS = YES;
				CLANG_WARN_EMPTY_BODY = YES;
				CLANG_WARN_ENUM_CONVERSION = YES;
				CLANG_WARN_INFINITE_RECURSION = YES;
				CLANG_WARN_INT_CONVERSION = YES;
				CLANG_WARN_NON_LITERAL_NULL_CONVERSION = YES;
				CLANG_WARN_OBJC_LITERAL_CONVERSION = YES;
				CLANG_WARN_OBJC_ROOT_CLASS = YES_ERROR;
				CLANG_WARN_RANGE_LOOP_ANALYSIS = YES;
				CLANG_WARN_STRICT_PROTOTYPES = YES;
				CLANG_WARN_SUSPICIOUS_MOVE = YES;
				CLANG_WARN_UNGUARDED_AVAILABILITY = YES_AGGRESSIVE;
				CLANG_WARN_UNREACHABLE_CODE = YES;
				CLANG_WARN__DUPLICATE_METHOD_MATCH = YES;
				CODE_SIGN_IDENTITY = "iPhone Developer";
				COPY_PHASE_STRIP = NO;
				DEBUG_INFORMATION_FORMAT = dwarf;
				ENABLE_STRICT_OBJC_MSGSEND = YES;
				ENABLE_TESTABILITY = YES;
				GCC_C_LANGUAGE_STANDARD = gnu11;
				GCC_DYNAMIC_NO_PIC = NO;
				GCC_NO_COMMON_BLOCKS = YES;
				GCC_OPTIMIZATION_LEVEL = 0;
				GCC_PREPROCESSOR_DEFINITIONS = (
					"DEBUG=1",
					"$(inherited)",
				);
				GCC_WARN_64_TO_32_BIT_CONVERSION = YES;
				GCC_WARN_ABOUT_RETURN_TYPE = YES_ERROR;
				GCC_WARN_UNDECLARED_SELECTOR = YES;
				GCC_WARN_UNINITIALIZED_AUTOS = YES_AGGRESSIVE;
				GCC_WARN_UNUSED_FUNCTION = YES;
				GCC_WARN_UNUSED_VARIABLE = YES;
				IPHONEOS_DEPLOYMENT_TARGET = 11.2;
				MTL_ENABLE_DEBUG_INFO = YES;
				ONLY_ACTIVE_ARCH = YES;
				SDKROOT = iphoneos;
				SWIFT_ACTIVE_COMPILATION_CONDITIONS = DEBUG;
				SWIFT_OPTIMIZATION_LEVEL = "-Onone";
			};
			name = Debug;
		};
		633817A1204674F6001C24DC /* Release */ = {
			isa = XCBuildConfiguration;
			buildSettings = {
				ALWAYS_SEARCH_USER_PATHS = NO;
				CLANG_ANALYZER_NONNULL = YES;
				CLANG_ANALYZER_NUMBER_OBJECT_CONVERSION = YES_AGGRESSIVE;
				CLANG_CXX_LANGUAGE_STANDARD = "gnu++14";
				CLANG_CXX_LIBRARY = "libc++";
				CLANG_ENABLE_MODULES = YES;
				CLANG_ENABLE_OBJC_ARC = YES;
				CLANG_WARN_BLOCK_CAPTURE_AUTORELEASING = YES;
				CLANG_WARN_BOOL_CONVERSION = YES;
				CLANG_WARN_COMMA = YES;
				CLANG_WARN_CONSTANT_CONVERSION = YES;
				CLANG_WARN_DIRECT_OBJC_ISA_USAGE = YES_ERROR;
				CLANG_WARN_DOCUMENTATION_COMMENTS = YES;
				CLANG_WARN_EMPTY_BODY = YES;
				CLANG_WARN_ENUM_CONVERSION = YES;
				CLANG_WARN_INFINITE_RECURSION = YES;
				CLANG_WARN_INT_CONVERSION = YES;
				CLANG_WARN_NON_LITERAL_NULL_CONVERSION = YES;
				CLANG_WARN_OBJC_LITERAL_CONVERSION = YES;
				CLANG_WARN_OBJC_ROOT_CLASS = YES_ERROR;
				CLANG_WARN_RANGE_LOOP_ANALYSIS = YES;
				CLANG_WARN_STRICT_PROTOTYPES = YES;
				CLANG_WARN_SUSPICIOUS_MOVE = YES;
				CLANG_WARN_UNGUARDED_AVAILABILITY = YES_AGGRESSIVE;
				CLANG_WARN_UNREACHABLE_CODE = YES;
				CLANG_WARN__DUPLICATE_METHOD_MATCH = YES;
				CODE_SIGN_IDENTITY = "iPhone Developer";
				COPY_PHASE_STRIP = NO;
				DEBUG_INFORMATION_FORMAT = "dwarf-with-dsym";
				ENABLE_NS_ASSERTIONS = NO;
				ENABLE_STRICT_OBJC_MSGSEND = YES;
				GCC_C_LANGUAGE_STANDARD = gnu11;
				GCC_NO_COMMON_BLOCKS = YES;
				GCC_WARN_64_TO_32_BIT_CONVERSION = YES;
				GCC_WARN_ABOUT_RETURN_TYPE = YES_ERROR;
				GCC_WARN_UNDECLARED_SELECTOR = YES;
				GCC_WARN_UNINITIALIZED_AUTOS = YES_AGGRESSIVE;
				GCC_WARN_UNUSED_FUNCTION = YES;
				GCC_WARN_UNUSED_VARIABLE = YES;
				IPHONEOS_DEPLOYMENT_TARGET = 11.2;
				MTL_ENABLE_DEBUG_INFO = NO;
				SDKROOT = iphoneos;
				SWIFT_OPTIMIZATION_LEVEL = "-Owholemodule";
				VALIDATE_PRODUCT = YES;
			};
			name = Release;
		};
		633817A3204674F6001C24DC /* Debug */ = {
			isa = XCBuildConfiguration;
			buildSettings = {
				ASSETCATALOG_COMPILER_APPICON_NAME = AppIcon;
				CODE_SIGN_STYLE = Automatic;
				DEVELOPMENT_TEAM = DUB2EA3QC9;
				INFOPLIST_FILE = WeatherMap/Info.plist;
				IPHONEOS_DEPLOYMENT_TARGET = 11.2;
				LD_RUNPATH_SEARCH_PATHS = "$(inherited) @executable_path/Frameworks";
				PRODUCT_BUNDLE_IDENTIFIER = ncarmine.WeatherMap;
				PRODUCT_NAME = "$(TARGET_NAME)";
				SWIFT_VERSION = 4.0;
				TARGETED_DEVICE_FAMILY = "1,2";
			};
			name = Debug;
		};
		633817A4204674F6001C24DC /* Release */ = {
			isa = XCBuildConfiguration;
			buildSettings = {
				ASSETCATALOG_COMPILER_APPICON_NAME = AppIcon;
				CODE_SIGN_STYLE = Automatic;
				DEVELOPMENT_TEAM = DUB2EA3QC9;
				INFOPLIST_FILE = WeatherMap/Info.plist;
				IPHONEOS_DEPLOYMENT_TARGET = 11.2;
				LD_RUNPATH_SEARCH_PATHS = "$(inherited) @executable_path/Frameworks";
				PRODUCT_BUNDLE_IDENTIFIER = ncarmine.WeatherMap;
				PRODUCT_NAME = "$(TARGET_NAME)";
				SWIFT_VERSION = 4.0;
				TARGETED_DEVICE_FAMILY = "1,2";
			};
			name = Release;
		};
		633817A6204674F6001C24DC /* Debug */ = {
			isa = XCBuildConfiguration;
			buildSettings = {
				ALWAYS_EMBED_SWIFT_STANDARD_LIBRARIES = YES;
				BUNDLE_LOADER = "$(TEST_HOST)";
				CODE_SIGN_STYLE = Automatic;
				DEVELOPMENT_TEAM = DUB2EA3QC9;
				INFOPLIST_FILE = WeatherMapTests/Info.plist;
				LD_RUNPATH_SEARCH_PATHS = "$(inherited) @executable_path/Frameworks @loader_path/Frameworks";
				PRODUCT_BUNDLE_IDENTIFIER = ncarmine.WeatherMapTests;
				PRODUCT_NAME = "$(TARGET_NAME)";
				SWIFT_VERSION = 4.0;
				TARGETED_DEVICE_FAMILY = "1,2";
				TEST_HOST = "$(BUILT_PRODUCTS_DIR)/WeatherMap.app/WeatherMap";
			};
			name = Debug;
		};
		633817A7204674F6001C24DC /* Release */ = {
			isa = XCBuildConfiguration;
			buildSettings = {
				ALWAYS_EMBED_SWIFT_STANDARD_LIBRARIES = YES;
				BUNDLE_LOADER = "$(TEST_HOST)";
				CODE_SIGN_STYLE = Automatic;
				DEVELOPMENT_TEAM = DUB2EA3QC9;
				INFOPLIST_FILE = WeatherMapTests/Info.plist;
				LD_RUNPATH_SEARCH_PATHS = "$(inherited) @executable_path/Frameworks @loader_path/Frameworks";
				PRODUCT_BUNDLE_IDENTIFIER = ncarmine.WeatherMapTests;
				PRODUCT_NAME = "$(TARGET_NAME)";
				SWIFT_VERSION = 4.0;
				TARGETED_DEVICE_FAMILY = "1,2";
				TEST_HOST = "$(BUILT_PRODUCTS_DIR)/WeatherMap.app/WeatherMap";
			};
			name = Release;
		};
		633817A9204674F6001C24DC /* Debug */ = {
			isa = XCBuildConfiguration;
			buildSettings = {
				ALWAYS_EMBED_SWIFT_STANDARD_LIBRARIES = YES;
				CODE_SIGN_STYLE = Automatic;
				DEVELOPMENT_TEAM = DUB2EA3QC9;
				INFOPLIST_FILE = WeatherMapUITests/Info.plist;
				LD_RUNPATH_SEARCH_PATHS = "$(inherited) @executable_path/Frameworks @loader_path/Frameworks";
				PRODUCT_BUNDLE_IDENTIFIER = ncarmine.WeatherMapUITests;
				PRODUCT_NAME = "$(TARGET_NAME)";
				SWIFT_VERSION = 4.0;
				TARGETED_DEVICE_FAMILY = "1,2";
				TEST_TARGET_NAME = WeatherMap;
			};
			name = Debug;
		};
		633817AA204674F6001C24DC /* Release */ = {
			isa = XCBuildConfiguration;
			buildSettings = {
				ALWAYS_EMBED_SWIFT_STANDARD_LIBRARIES = YES;
				CODE_SIGN_STYLE = Automatic;
				DEVELOPMENT_TEAM = DUB2EA3QC9;
				INFOPLIST_FILE = WeatherMapUITests/Info.plist;
				LD_RUNPATH_SEARCH_PATHS = "$(inherited) @executable_path/Frameworks @loader_path/Frameworks";
				PRODUCT_BUNDLE_IDENTIFIER = ncarmine.WeatherMapUITests;
				PRODUCT_NAME = "$(TARGET_NAME)";
				SWIFT_VERSION = 4.0;
				TARGETED_DEVICE_FAMILY = "1,2";
				TEST_TARGET_NAME = WeatherMap;
			};
			name = Release;
		};
/* End XCBuildConfiguration section */

/* Begin XCConfigurationList section */
		63381775204674F5001C24DC /* Build configuration list for PBXProject "WeatherMap" */ = {
			isa = XCConfigurationList;
			buildConfigurations = (
				633817A0204674F6001C24DC /* Debug */,
				633817A1204674F6001C24DC /* Release */,
			);
			defaultConfigurationIsVisible = 0;
			defaultConfigurationName = Release;
		};
		633817A2204674F6001C24DC /* Build configuration list for PBXNativeTarget "WeatherMap" */ = {
			isa = XCConfigurationList;
			buildConfigurations = (
				633817A3204674F6001C24DC /* Debug */,
				633817A4204674F6001C24DC /* Release */,
			);
			defaultConfigurationIsVisible = 0;
			defaultConfigurationName = Release;
		};
		633817A5204674F6001C24DC /* Build configuration list for PBXNativeTarget "WeatherMapTests" */ = {
			isa = XCConfigurationList;
			buildConfigurations = (
				633817A6204674F6001C24DC /* Debug */,
				633817A7204674F6001C24DC /* Release */,
			);
			defaultConfigurationIsVisible = 0;
			defaultConfigurationName = Release;
		};
		633817A8204674F6001C24DC /* Build configuration list for PBXNativeTarget "WeatherMapUITests" */ = {
			isa = XCConfigurationList;
			buildConfigurations = (
				633817A9204674F6001C24DC /* Debug */,
				633817AA204674F6001C24DC /* Release */,
			);
			defaultConfigurationIsVisible = 0;
			defaultConfigurationName = Release;
		};
/* End XCConfigurationList section */
	};
	rootObject = 63381772204674F5001C24DC /* Project object */;
}
